
Microsoft Visual Studio Solution File, Format Version 12.00
# Visual Studio Version 16
VisualStudioVersion = 16.0.32106.194
MinimumVisualStudioVersion = 10.0.40219.1
Project("{9A19103F-16F7-4668-BE54-9A1E7A4F7556}") = "Bookstore", "Mission7\Bookstore.csproj", "{CD5AF8E8-1E1B-44B5-8CE7-0952B5A304D0}"
EndProject
Global
	GlobalSection(SolutionConfigurationPlatforms) = preSolution
		Debug|Any CPU = Debug|Any CPU
		Release|Any CPU = Release|Any CPU
	EndGlobalSection
	GlobalSection(ProjectConfigurationPlatforms) = postSolution
		{CD5AF8E8-1E1B-44B5-8CE7-0952B5A304D0}.Debug|Any CPU.ActiveCfg = Debug|Any CPU
		{CD5AF8E8-1E1B-44B5-8CE7-0952B5A304D0}.Debug|Any CPU.Build.0 = Debug|Any CPU
		{CD5AF8E8-1E1B-44B5-8CE7-0952B5A304D0}.Release|Any CPU.ActiveCfg = Release|Any CPU
		{CD5AF8E8-1E1B-44B5-8CE7-0952B5A304D0}.Release|Any CPU.Build.0 = Release|Any CPU
	EndGlobalSection
	GlobalSection(SolutionProperties) = preSolution
		HideSolutionNode = FALSE
	EndGlobalSection
	GlobalSection(ExtensibilityGlobals) = postSolution
		SolutionGuid = {ACCBC029-8B4A-4D8F-A105-701F686CBC75}
	EndGlobalSection
EndGlobal
